
Microsoft Visual Studio Solution File, Format Version 12.00
# Visual Studio 14
VisualStudioVersion = 14.0.23107.0
MinimumVisualStudioVersion = 10.0.40219.1
Project("{FAE04EC0-301F-11D3-BF4B-00C04F79EFBC}") = "test.Droid", "test\test.Droid\test.Droid.csproj", "{3BD332F0-662E-4B6B-9A3D-9CA2010328B1}"
EndProject
Project("{FAE04EC0-301F-11D3-BF4B-00C04F79EFBC}") = "test.iOS", "test\test.iOS\test.iOS.csproj", "{DF169357-DEF3-43E3-828D-30BA7D2DF3DE}"
EndProject
Project("{FAE04EC0-301F-11D3-BF4B-00C04F79EFBC}") = "test", "test\test\test.csproj", "{88123283-82A6-41CD-80CA-FF0C87675A16}"
EndProject
Global
	GlobalSection(SolutionConfigurationPlatforms) = preSolution
		AppStore|Any CPU = AppStore|Any CPU
		AppStore|iPhone = AppStore|iPhone
		AppStore|iPhoneSimulator = AppStore|iPhoneSimulator
		Debug|Any CPU = Debug|Any CPU
		Debug|iPhone = Debug|iPhone
		Debug|iPhoneSimulator = Debug|iPhoneSimulator
		Release|Any CPU = Release|Any CPU
		Release|iPhone = Release|iPhone
		Release|iPhoneSimulator = Release|iPhoneSimulator
	EndGlobalSection
	GlobalSection(ProjectConfigurationPlatforms) = postSolution
		{3BD332F0-662E-4B6B-9A3D-9CA2010328B1}.AppStore|Any CPU.ActiveCfg = Release|Any CPU
		{3BD332F0-662E-4B6B-9A3D-9CA2010328B1}.AppStore|Any CPU.Build.0 = Release|Any CPU
		{3BD332F0-662E-4B6B-9A3D-9CA2010328B1}.AppStore|Any CPU.Deploy.0 = Release|Any CPU
		{3BD332F0-662E-4B6B-9A3D-9CA2010328B1}.AppStore|iPhone.ActiveCfg = Release|Any CPU
		{3BD332F0-662E-4B6B-9A3D-9CA2010328B1}.AppStore|iPhone.Build.0 = Release|Any CPU
		{3BD332F0-662E-4B6B-9A3D-9CA2010328B1}.AppStore|iPhone.Deploy.0 = Release|Any CPU
		{3BD332F0-662E-4B6B-9A3D-9CA2010328B1}.AppStore|iPhoneSimulator.ActiveCfg = Release|Any CPU
		{3BD332F0-662E-4B6B-9A3D-9CA2010328B1}.AppStore|iPhoneSimulator.Build.0 = Release|Any CPU
		{3BD332F0-662E-4B6B-9A3D-9CA2010328B1}.AppStore|iPhoneSimulator.Deploy.0 = Release|Any CPU
		{3BD332F0-662E-4B6B-9A3D-9CA2010328B1}.Debug|Any CPU.ActiveCfg = Debug|Any CPU
		{3BD332F0-662E-4B6B-9A3D-9CA2010328B1}.Debug|Any CPU.Build.0 = Debug|Any CPU
		{3BD332F0-662E-4B6B-9A3D-9CA2010328B1}.Debug|Any CPU.Deploy.0 = Debug|Any CPU
		{3BD332F0-662E-4B6B-9A3D-9CA2010328B1}.Debug|iPhone.ActiveCfg = Debug|Any CPU
		{3BD332F0-662E-4B6B-9A3D-9CA2010328B1}.Debug|iPhone.Build.0 = Debug|Any CPU
		{3BD332F0-662E-4B6B-9A3D-9CA2010328B1}.Debug|iPhone.Deploy.0 = Debug|Any CPU
		{3BD332F0-662E-4B6B-9A3D-9CA2010328B1}.Debug|iPhoneSimulator.ActiveCfg = Debug|Any CPU
		{3BD332F0-662E-4B6B-9A3D-9CA2010328B1}.Debug|iPhoneSimulator.Build.0 = Debug|Any CPU
		{3BD332F0-662E-4B6B-9A3D-9CA2010328B1}.Debug|iPhoneSimulator.Deploy.0 = Debug|Any CPU
		{3BD332F0-662E-4B6B-9A3D-9CA2010328B1}.Release|Any CPU.ActiveCfg = Release|Any CPU
		{3BD332F0-662E-4B6B-9A3D-9CA2010328B1}.Release|Any CPU.Build.0 = Release|Any CPU
		{3BD332F0-662E-4B6B-9A3D-9CA2010328B1}.Release|Any CPU.Deploy.0 = Release|Any CPU
		{3BD332F0-662E-4B6B-9A3D-9CA2010328B1}.Release|iPhone.ActiveCfg = Release|Any CPU
		{3BD332F0-662E-4B6B-9A3D-9CA2010328B1}.Release|iPhone.Build.0 = Release|Any CPU
		{3BD332F0-662E-4B6B-9A3D-9CA2010328B1}.Release|iPhone.Deploy.0 = Release|Any CPU
		{3BD332F0-662E-4B6B-9A3D-9CA2010328B1}.Release|iPhoneSimulator.ActiveCfg = Release|Any CPU
		{3BD332F0-662E-4B6B-9A3D-9CA2010328B1}.Release|iPhoneSimulator.Build.0 = Release|Any CPU
		{3BD332F0-662E-4B6B-9A3D-9CA2010328B1}.Release|iPhoneSimulator.Deploy.0 = Release|Any CPU
		{DF169357-DEF3-43E3-828D-30BA7D2DF3DE}.AppStore|Any CPU.ActiveCfg = AppStore|iPhone
		{DF169357-DEF3-43E3-828D-30BA7D2DF3DE}.AppStore|iPhone.ActiveCfg = AppStore|iPhone
		{DF169357-DEF3-43E3-828D-30BA7D2DF3DE}.AppStore|iPhone.Build.0 = AppStore|iPhone
		{DF169357-DEF3-43E3-828D-30BA7D2DF3DE}.AppStore|iPhoneSimulator.ActiveCfg = AppStore|iPhoneSimulator
		{DF169357-DEF3-43E3-828D-30BA7D2DF3DE}.AppStore|iPhoneSimulator.Build.0 = AppStore|iPhoneSimulator
		{DF169357-DEF3-43E3-828D-30BA7D2DF3DE}.Debug|Any CPU.ActiveCfg = Debug|iPhone
		{DF169357-DEF3-43E3-828D-30BA7D2DF3DE}.Debug|iPhone.ActiveCfg = Debug|iPhone
		{DF169357-DEF3-43E3-828D-30BA7D2DF3DE}.Debug|iPhone.Build.0 = Debug|iPhone
		{DF169357-DEF3-43E3-828D-30BA7D2DF3DE}.Debug|iPhoneSimulator.ActiveCfg = Debug|iPhoneSimulator
		{DF169357-DEF3-43E3-828D-30BA7D2DF3DE}.Debug|iPhoneSimulator.Build.0 = Debug|iPhoneSimulator
		{DF169357-DEF3-43E3-828D-30BA7D2DF3DE}.Release|Any CPU.ActiveCfg = Release|iPhone
		{DF169357-DEF3-43E3-828D-30BA7D2DF3DE}.Release|iPhone.ActiveCfg = Release|iPhone
		{DF169357-DEF3-43E3-828D-30BA7D2DF3DE}.Release|iPhone.Build.0 = Release|iPhone
		{DF169357-DEF3-43E3-828D-30BA7D2DF3DE}.Release|iPhoneSimulator.ActiveCfg = Release|iPhoneSimulator
		{DF169357-DEF3-43E3-828D-30BA7D2DF3DE}.Release|iPhoneSimulator.Build.0 = Release|iPhoneSimulator
		{88123283-82A6-41CD-80CA-FF0C87675A16}.AppStore|Any CPU.ActiveCfg = Release|Any CPU
		{88123283-82A6-41CD-80CA-FF0C87675A16}.AppStore|Any CPU.Build.0 = Release|Any CPU
		{88123283-82A6-41CD-80CA-FF0C87675A16}.AppStore|iPhone.ActiveCfg = Release|Any CPU
		{88123283-82A6-41CD-80CA-FF0C87675A16}.AppStore|iPhone.Build.0 = Release|Any CPU
		{88123283-82A6-41CD-80CA-FF0C87675A16}.AppStore|iPhoneSimulator.ActiveCfg = Release|Any CPU
		{88123283-82A6-41CD-80CA-FF0C87675A16}.AppStore|iPhoneSimulator.Build.0 = Release|Any CPU
		{88123283-82A6-41CD-80CA-FF0C87675A16}.Debug|Any CPU.ActiveCfg = Debug|Any CPU
		{88123283-82A6-41CD-80CA-FF0C87675A16}.Debug|Any CPU.Build.0 = Debug|Any CPU
		{88123283-82A6-41CD-80CA-FF0C87675A16}.Debug|iPhone.ActiveCfg = Debug|Any CPU
		{88123283-82A6-41CD-80CA-FF0C87675A16}.Debug|iPhone.Build.0 = Debug|Any CPU
		{88123283-82A6-41CD-80CA-FF0C87675A16}.Debug|iPhoneSimulator.ActiveCfg = Debug|Any CPU
		{88123283-82A6-41CD-80CA-FF0C87675A16}.Debug|iPhoneSimulator.Build.0 = Debug|Any CPU
		{88123283-82A6-41CD-80CA-FF0C87675A16}.Release|Any CPU.ActiveCfg = Release|Any CPU
		{88123283-82A6-41CD-80CA-FF0C87675A16}.Release|Any CPU.Build.0 = Release|Any CPU
		{88123283-82A6-41CD-80CA-FF0C87675A16}.Release|iPhone.ActiveCfg = Release|Any CPU
		{88123283-82A6-41CD-80CA-FF0C87675A16}.Release|iPhone.Build.0 = Release|Any CPU
		{88123283-82A6-41CD-80CA-FF0C87675A16}.Release|iPhoneSimulator.ActiveCfg = Release|Any CPU
		{88123283-82A6-41CD-80CA-FF0C87675A16}.Release|iPhoneSimulator.Build.0 = Release|Any CPU
	EndGlobalSection
	GlobalSection(SolutionProperties) = preSolution
		HideSolutionNode = FALSE
	EndGlobalSection
EndGlobal
